
Microsoft Visual Studio Solution File, Format Version 12.00
# Visual Studio Version 16
VisualStudioVersion = 16.0.28705.295
MinimumVisualStudioVersion = 10.0.40219.1
Project("{FAE04EC0-301F-11D3-BF4B-00C04F79EFBC}") = "BCC", "BCC\BCC.csproj", "{95EC93DF-E930-4C78-A54B-7D6214A8BACD}"
EndProject
Global
	GlobalSection(SolutionConfigurationPlatforms) = preSolution
		Debug|Any CPU = Debug|Any CPU
		Release|Any CPU = Release|Any CPU
	EndGlobalSection
	GlobalSection(ProjectConfigurationPlatforms) = postSolution
		{95EC93DF-E930-4C78-A54B-7D6214A8BACD}.Debug|Any CPU.ActiveCfg = Debug|Any CPU
		{95EC93DF-E930-4C78-A54B-7D6214A8BACD}.Debug|Any CPU.Build.0 = Debug|Any CPU
		{95EC93DF-E930-4C78-A54B-7D6214A8BACD}.Release|Any CPU.ActiveCfg = Release|Any CPU
		{95EC93DF-E930-4C78-A54B-7D6214A8BACD}.Release|Any CPU.Build.0 = Release|Any CPU
	EndGlobalSection
	GlobalSection(SolutionProperties) = preSolution
		HideSolutionNode = FALSE
	EndGlobalSection
	GlobalSection(ExtensibilityGlobals) = postSolution
		SolutionGuid = {84753315-03F4-4184-B710-849E3F6D0148}
	EndGlobalSection
EndGlobal
